
Microsoft Visual Studio Solution File, Format Version 12.00
# Visual Studio Version 16
VisualStudioVersion = 16.0.30114.105
MinimumVisualStudioVersion = 10.0.40219.1
Project("{FAE04EC0-301F-11D3-BF4B-00C04F79EFBC}") = "API", "API\API.csproj", "{82C79C4A-6BAF-4901-8498-8781A9DD7307}"
EndProject
Project("{FAE04EC0-301F-11D3-BF4B-00C04F79EFBC}") = "Core", "Core\Core.csproj", "{AE61630D-F4E0-4374-85CF-C6326E1B68A8}"
EndProject
Project("{FAE04EC0-301F-11D3-BF4B-00C04F79EFBC}") = "Infrastructure", "Infrastructure\Infrastructure.csproj", "{1FE4EEB3-CAE3-4BF0-8EDD-1883899B4923}"
EndProject
Global
	GlobalSection(SolutionConfigurationPlatforms) = preSolution
		Debug|Any CPU = Debug|Any CPU
		Release|Any CPU = Release|Any CPU
	EndGlobalSection
	GlobalSection(SolutionProperties) = preSolution
		HideSolutionNode = FALSE
	EndGlobalSection
	GlobalSection(ProjectConfigurationPlatforms) = postSolution
		{82C79C4A-6BAF-4901-8498-8781A9DD7307}.Debug|Any CPU.ActiveCfg = Debug|Any CPU
		{82C79C4A-6BAF-4901-8498-8781A9DD7307}.Debug|Any CPU.Build.0 = Debug|Any CPU
		{82C79C4A-6BAF-4901-8498-8781A9DD7307}.Release|Any CPU.ActiveCfg = Release|Any CPU
		{82C79C4A-6BAF-4901-8498-8781A9DD7307}.Release|Any CPU.Build.0 = Release|Any CPU
		{AE61630D-F4E0-4374-85CF-C6326E1B68A8}.Debug|Any CPU.ActiveCfg = Debug|Any CPU
		{AE61630D-F4E0-4374-85CF-C6326E1B68A8}.Debug|Any CPU.Build.0 = Debug|Any CPU
		{AE61630D-F4E0-4374-85CF-C6326E1B68A8}.Release|Any CPU.ActiveCfg = Release|Any CPU
		{AE61630D-F4E0-4374-85CF-C6326E1B68A8}.Release|Any CPU.Build.0 = Release|Any CPU
		{1FE4EEB3-CAE3-4BF0-8EDD-1883899B4923}.Debug|Any CPU.ActiveCfg = Debug|Any CPU
		{1FE4EEB3-CAE3-4BF0-8EDD-1883899B4923}.Debug|Any CPU.Build.0 = Debug|Any CPU
		{1FE4EEB3-CAE3-4BF0-8EDD-1883899B4923}.Release|Any CPU.ActiveCfg = Release|Any CPU
		{1FE4EEB3-CAE3-4BF0-8EDD-1883899B4923}.Release|Any CPU.Build.0 = Release|Any CPU
	EndGlobalSection
EndGlobal
